
Microsoft Visual Studio Solution File, Format Version 12.00
# Visual Studio Version 17
VisualStudioVersion = 17.10.35122.118
MinimumVisualStudioVersion = 10.0.40219.1
Project("{9A19103F-16F7-4668-BE54-9A1E7A4F7556}") = "WebApi", "WebApi\WebApi.csproj", "{9F2C3B6C-12BA-4292-BE5F-DEF5AF125DE0}"
EndProject
Project("{9A19103F-16F7-4668-BE54-9A1E7A4F7556}") = "UnitTests", "UnitTests\UnitTests.csproj", "{1D60458F-626A-4509-8456-2B6728126BE4}"
EndProject
Project("{9A19103F-16F7-4668-BE54-9A1E7A4F7556}") = "Models", "Models\Models.csproj", "{8F5F4F61-E2FF-47E5-A9C4-8F32ECA38F5A}"
EndProject
Project("{9A19103F-16F7-4668-BE54-9A1E7A4F7556}") = "BlazorClient", "BlazorClient\BlazorClient.csproj", "{9D52F9AE-6BC2-4271-B2AE-6CCAEED1A0C5}"
EndProject
Global
	GlobalSection(SolutionConfigurationPlatforms) = preSolution
		Debug|Any CPU = Debug|Any CPU
		Release|Any CPU = Release|Any CPU
	EndGlobalSection
	GlobalSection(ProjectConfigurationPlatforms) = postSolution
		{9F2C3B6C-12BA-4292-BE5F-DEF5AF125DE0}.Debug|Any CPU.ActiveCfg = Debug|Any CPU
		{9F2C3B6C-12BA-4292-BE5F-DEF5AF125DE0}.Debug|Any CPU.Build.0 = Debug|Any CPU
		{9F2C3B6C-12BA-4292-BE5F-DEF5AF125DE0}.Release|Any CPU.ActiveCfg = Release|Any CPU
		{9F2C3B6C-12BA-4292-BE5F-DEF5AF125DE0}.Release|Any CPU.Build.0 = Release|Any CPU
		{1D60458F-626A-4509-8456-2B6728126BE4}.Debug|Any CPU.ActiveCfg = Debug|Any CPU
		{1D60458F-626A-4509-8456-2B6728126BE4}.Debug|Any CPU.Build.0 = Debug|Any CPU
		{1D60458F-626A-4509-8456-2B6728126BE4}.Release|Any CPU.ActiveCfg = Release|Any CPU
		{1D60458F-626A-4509-8456-2B6728126BE4}.Release|Any CPU.Build.0 = Release|Any CPU
		{8F5F4F61-E2FF-47E5-A9C4-8F32ECA38F5A}.Debug|Any CPU.ActiveCfg = Debug|Any CPU
		{8F5F4F61-E2FF-47E5-A9C4-8F32ECA38F5A}.Debug|Any CPU.Build.0 = Debug|Any CPU
		{8F5F4F61-E2FF-47E5-A9C4-8F32ECA38F5A}.Release|Any CPU.ActiveCfg = Release|Any CPU
		{8F5F4F61-E2FF-47E5-A9C4-8F32ECA38F5A}.Release|Any CPU.Build.0 = Release|Any CPU
		{9D52F9AE-6BC2-4271-B2AE-6CCAEED1A0C5}.Debug|Any CPU.ActiveCfg = Debug|Any CPU
		{9D52F9AE-6BC2-4271-B2AE-6CCAEED1A0C5}.Debug|Any CPU.Build.0 = Debug|Any CPU
		{9D52F9AE-6BC2-4271-B2AE-6CCAEED1A0C5}.Release|Any CPU.ActiveCfg = Release|Any CPU
		{9D52F9AE-6BC2-4271-B2AE-6CCAEED1A0C5}.Release|Any CPU.Build.0 = Release|Any CPU
	EndGlobalSection
	GlobalSection(SolutionProperties) = preSolution
		HideSolutionNode = FALSE
	EndGlobalSection
	GlobalSection(ExtensibilityGlobals) = postSolution
		SolutionGuid = {A82BBE05-104D-42F8-8889-D18CCDED0FAF}
	EndGlobalSection
EndGlobal
